
Microsoft Visual Studio Solution File, Format Version 12.00
# Visual Studio 15
VisualStudioVersion = 15.0.27004.2006
MinimumVisualStudioVersion = 10.0.40219.1
Project("{FAE04EC0-301F-11D3-BF4B-00C04F79EFBC}") = "cryptopals", "cryptopals\cryptopals.csproj", "{659D712F-EE21-483E-8AF8-5B3B139D20BC}"
EndProject
Global
	GlobalSection(SolutionConfigurationPlatforms) = preSolution
		Debug|Any CPU = Debug|Any CPU
		Debug|x64 = Debug|x64
		Release|Any CPU = Release|Any CPU
		Release|x64 = Release|x64
	EndGlobalSection
	GlobalSection(ProjectConfigurationPlatforms) = postSolution
		{659D712F-EE21-483E-8AF8-5B3B139D20BC}.Debug|Any CPU.ActiveCfg = Debug|Any CPU
		{659D712F-EE21-483E-8AF8-5B3B139D20BC}.Debug|Any CPU.Build.0 = Debug|Any CPU
		{659D712F-EE21-483E-8AF8-5B3B139D20BC}.Debug|x64.ActiveCfg = Debug|x64
		{659D712F-EE21-483E-8AF8-5B3B139D20BC}.Debug|x64.Build.0 = Debug|x64
		{659D712F-EE21-483E-8AF8-5B3B139D20BC}.Release|Any CPU.ActiveCfg = Release|Any CPU
		{659D712F-EE21-483E-8AF8-5B3B139D20BC}.Release|Any CPU.Build.0 = Release|Any CPU
		{659D712F-EE21-483E-8AF8-5B3B139D20BC}.Release|x64.ActiveCfg = Release|x64
		{659D712F-EE21-483E-8AF8-5B3B139D20BC}.Release|x64.Build.0 = Release|x64
	EndGlobalSection
	GlobalSection(SolutionProperties) = preSolution
		HideSolutionNode = FALSE
	EndGlobalSection
	GlobalSection(ExtensibilityGlobals) = postSolution
		SolutionGuid = {87DBE0C3-0DEF-4061-941D-56E7F2503BE6}
	EndGlobalSection
EndGlobal
